
Microsoft Visual Studio Solution File, Format Version 12.00
# Visual Studio 15
VisualStudioVersion = 15.0.28010.2036
MinimumVisualStudioVersion = 10.0.40219.1
Project("{FAE04EC0-301F-11D3-BF4B-00C04F79EFBC}") = "TreeIntersections", "TreeIntersections\TreeIntersections.csproj", "{F2848D57-7B7A-4311-8718-AFEBF455FDF8}"
EndProject
Project("{FAE04EC0-301F-11D3-BF4B-00C04F79EFBC}") = "TreeIntersectionTest", "TreeIntersectionTest\TreeIntersectionTest.csproj", "{837F260D-CF85-409A-81C7-A2E379DFFDC8}"
EndProject
Global
	GlobalSection(SolutionConfigurationPlatforms) = preSolution
		Debug|Any CPU = Debug|Any CPU
		Release|Any CPU = Release|Any CPU
	EndGlobalSection
	GlobalSection(ProjectConfigurationPlatforms) = postSolution
		{F2848D57-7B7A-4311-8718-AFEBF455FDF8}.Debug|Any CPU.ActiveCfg = Debug|Any CPU
		{F2848D57-7B7A-4311-8718-AFEBF455FDF8}.Debug|Any CPU.Build.0 = Debug|Any CPU
		{F2848D57-7B7A-4311-8718-AFEBF455FDF8}.Release|Any CPU.ActiveCfg = Release|Any CPU
		{F2848D57-7B7A-4311-8718-AFEBF455FDF8}.Release|Any CPU.Build.0 = Release|Any CPU
		{837F260D-CF85-409A-81C7-A2E379DFFDC8}.Debug|Any CPU.ActiveCfg = Debug|Any CPU
		{837F260D-CF85-409A-81C7-A2E379DFFDC8}.Debug|Any CPU.Build.0 = Debug|Any CPU
		{837F260D-CF85-409A-81C7-A2E379DFFDC8}.Release|Any CPU.ActiveCfg = Release|Any CPU
		{837F260D-CF85-409A-81C7-A2E379DFFDC8}.Release|Any CPU.Build.0 = Release|Any CPU
	EndGlobalSection
	GlobalSection(SolutionProperties) = preSolution
		HideSolutionNode = FALSE
	EndGlobalSection
	GlobalSection(ExtensibilityGlobals) = postSolution
		SolutionGuid = {E37102D0-8244-4428-BBE0-1344D1137DC2}
	EndGlobalSection
EndGlobal
