
Microsoft Visual Studio Solution File, Format Version 12.00
# Visual Studio 15
VisualStudioVersion = 15.0.28010.2036
MinimumVisualStudioVersion = 10.0.40219.1
Project("{FAE04EC0-301F-11D3-BF4B-00C04F79EFBC}") = "MergeLinkLists", "MergeLinkLists\MergeLinkLists.csproj", "{DC8411CB-C089-42A6-AE39-044FDB3B2D38}"
EndProject
Project("{FAE04EC0-301F-11D3-BF4B-00C04F79EFBC}") = "MergeLinkedListsTest", "MergeLinkedListsTest\MergeLinkedListsTest.csproj", "{54461F31-DB33-4B16-B318-38D24F9118B7}"
EndProject
Global
	GlobalSection(SolutionConfigurationPlatforms) = preSolution
		Debug|Any CPU = Debug|Any CPU
		Release|Any CPU = Release|Any CPU
	EndGlobalSection
	GlobalSection(ProjectConfigurationPlatforms) = postSolution
		{DC8411CB-C089-42A6-AE39-044FDB3B2D38}.Debug|Any CPU.ActiveCfg = Debug|Any CPU
		{DC8411CB-C089-42A6-AE39-044FDB3B2D38}.Debug|Any CPU.Build.0 = Debug|Any CPU
		{DC8411CB-C089-42A6-AE39-044FDB3B2D38}.Release|Any CPU.ActiveCfg = Release|Any CPU
		{DC8411CB-C089-42A6-AE39-044FDB3B2D38}.Release|Any CPU.Build.0 = Release|Any CPU
		{54461F31-DB33-4B16-B318-38D24F9118B7}.Debug|Any CPU.ActiveCfg = Debug|Any CPU
		{54461F31-DB33-4B16-B318-38D24F9118B7}.Debug|Any CPU.Build.0 = Debug|Any CPU
		{54461F31-DB33-4B16-B318-38D24F9118B7}.Release|Any CPU.ActiveCfg = Release|Any CPU
		{54461F31-DB33-4B16-B318-38D24F9118B7}.Release|Any CPU.Build.0 = Release|Any CPU
	EndGlobalSection
	GlobalSection(SolutionProperties) = preSolution
		HideSolutionNode = FALSE
	EndGlobalSection
	GlobalSection(ExtensibilityGlobals) = postSolution
		SolutionGuid = {5FAB1F6D-3CF4-461C-A66B-ECBB8B8C79BB}
	EndGlobalSection
EndGlobal
