
Microsoft Visual Studio Solution File, Format Version 12.00
# Visual Studio 15
VisualStudioVersion = 15.0.28010.2036
MinimumVisualStudioVersion = 10.0.40219.1
Project("{FAE04EC0-301F-11D3-BF4B-00C04F79EFBC}") = "PalindromeLL", "PalindromeLL\PalindromeLL.csproj", "{F24D7D49-3A8A-48A8-8E42-EBCAD1E51C7C}"
EndProject
Project("{FAE04EC0-301F-11D3-BF4B-00C04F79EFBC}") = "PalindromeLLTest", "PalindromeLLTest\PalindromeLLTest.csproj", "{53B6B7A2-9571-49EB-97EA-508FBEFAD54F}"
EndProject
Global
	GlobalSection(SolutionConfigurationPlatforms) = preSolution
		Debug|Any CPU = Debug|Any CPU
		Release|Any CPU = Release|Any CPU
	EndGlobalSection
	GlobalSection(ProjectConfigurationPlatforms) = postSolution
		{F24D7D49-3A8A-48A8-8E42-EBCAD1E51C7C}.Debug|Any CPU.ActiveCfg = Debug|Any CPU
		{F24D7D49-3A8A-48A8-8E42-EBCAD1E51C7C}.Debug|Any CPU.Build.0 = Debug|Any CPU
		{F24D7D49-3A8A-48A8-8E42-EBCAD1E51C7C}.Release|Any CPU.ActiveCfg = Release|Any CPU
		{F24D7D49-3A8A-48A8-8E42-EBCAD1E51C7C}.Release|Any CPU.Build.0 = Release|Any CPU
		{53B6B7A2-9571-49EB-97EA-508FBEFAD54F}.Debug|Any CPU.ActiveCfg = Debug|Any CPU
		{53B6B7A2-9571-49EB-97EA-508FBEFAD54F}.Debug|Any CPU.Build.0 = Debug|Any CPU
		{53B6B7A2-9571-49EB-97EA-508FBEFAD54F}.Release|Any CPU.ActiveCfg = Release|Any CPU
		{53B6B7A2-9571-49EB-97EA-508FBEFAD54F}.Release|Any CPU.Build.0 = Release|Any CPU
	EndGlobalSection
	GlobalSection(SolutionProperties) = preSolution
		HideSolutionNode = FALSE
	EndGlobalSection
	GlobalSection(ExtensibilityGlobals) = postSolution
		SolutionGuid = {7F293626-46BD-4935-A2D3-0CB31B1D40E7}
	EndGlobalSection
EndGlobal
