
Microsoft Visual Studio Solution File, Format Version 12.00
# Visual Studio 15
VisualStudioVersion = 15.0.28010.2036
MinimumVisualStudioVersion = 10.0.40219.1
Project("{FAE04EC0-301F-11D3-BF4B-00C04F79EFBC}") = "QueueWithStacks", "QueueWithStacks\QueueWithStacks.csproj", "{34CE932D-5479-44B8-8711-0B4560AAE43A}"
EndProject
Project("{FAE04EC0-301F-11D3-BF4B-00C04F79EFBC}") = "QueueWithStacksTest", "QueueWithStacksTest\QueueWithStacksTest.csproj", "{C7AE0DA3-2625-44BA-BB42-9FA7E08FE55A}"
EndProject
Global
	GlobalSection(SolutionConfigurationPlatforms) = preSolution
		Debug|Any CPU = Debug|Any CPU
		Release|Any CPU = Release|Any CPU
	EndGlobalSection
	GlobalSection(ProjectConfigurationPlatforms) = postSolution
		{34CE932D-5479-44B8-8711-0B4560AAE43A}.Debug|Any CPU.ActiveCfg = Debug|Any CPU
		{34CE932D-5479-44B8-8711-0B4560AAE43A}.Debug|Any CPU.Build.0 = Debug|Any CPU
		{34CE932D-5479-44B8-8711-0B4560AAE43A}.Release|Any CPU.ActiveCfg = Release|Any CPU
		{34CE932D-5479-44B8-8711-0B4560AAE43A}.Release|Any CPU.Build.0 = Release|Any CPU
		{C7AE0DA3-2625-44BA-BB42-9FA7E08FE55A}.Debug|Any CPU.ActiveCfg = Debug|Any CPU
		{C7AE0DA3-2625-44BA-BB42-9FA7E08FE55A}.Debug|Any CPU.Build.0 = Debug|Any CPU
		{C7AE0DA3-2625-44BA-BB42-9FA7E08FE55A}.Release|Any CPU.ActiveCfg = Release|Any CPU
		{C7AE0DA3-2625-44BA-BB42-9FA7E08FE55A}.Release|Any CPU.Build.0 = Release|Any CPU
	EndGlobalSection
	GlobalSection(SolutionProperties) = preSolution
		HideSolutionNode = FALSE
	EndGlobalSection
	GlobalSection(ExtensibilityGlobals) = postSolution
		SolutionGuid = {91BF1FD5-A0D3-4C59-AA09-4E5E3C6575BC}
	EndGlobalSection
EndGlobal
