
Microsoft Visual Studio Solution File, Format Version 12.00
# Visual Studio 15
VisualStudioVersion = 15.0.28010.2036
MinimumVisualStudioVersion = 10.0.40219.1
Project("{FAE04EC0-301F-11D3-BF4B-00C04F79EFBC}") = "BreadthFirstTraversal", "BreadthFirstTraversal\BreadthFirstTraversal.csproj", "{8FF45574-24FF-4F56-97F2-1B43F726A6F3}"
EndProject
Global
	GlobalSection(SolutionConfigurationPlatforms) = preSolution
		Debug|Any CPU = Debug|Any CPU
		Release|Any CPU = Release|Any CPU
	EndGlobalSection
	GlobalSection(ProjectConfigurationPlatforms) = postSolution
		{8FF45574-24FF-4F56-97F2-1B43F726A6F3}.Debug|Any CPU.ActiveCfg = Debug|Any CPU
		{8FF45574-24FF-4F56-97F2-1B43F726A6F3}.Debug|Any CPU.Build.0 = Debug|Any CPU
		{8FF45574-24FF-4F56-97F2-1B43F726A6F3}.Release|Any CPU.ActiveCfg = Release|Any CPU
		{8FF45574-24FF-4F56-97F2-1B43F726A6F3}.Release|Any CPU.Build.0 = Release|Any CPU
	EndGlobalSection
	GlobalSection(SolutionProperties) = preSolution
		HideSolutionNode = FALSE
	EndGlobalSection
	GlobalSection(ExtensibilityGlobals) = postSolution
		SolutionGuid = {7999AEED-277E-4242-9685-A45FE9EC0B61}
	EndGlobalSection
EndGlobal
