
Microsoft Visual Studio Solution File, Format Version 12.00
# Visual Studio 15
VisualStudioVersion = 15.0.28010.2036
MinimumVisualStudioVersion = 10.0.40219.1
Project("{FAE04EC0-301F-11D3-BF4B-00C04F79EFBC}") = "MatchingBrackets", "MatchingBrackets\MatchingBrackets.csproj", "{D6267B15-6E40-4F44-BE6D-82902C55A7A6}"
EndProject
Project("{FAE04EC0-301F-11D3-BF4B-00C04F79EFBC}") = "MatchingBracketsTest", "MatchingBracketsTest\MatchingBracketsTest.csproj", "{C4A01E32-E614-4B1E-BF4B-7DDECABCEA67}"
EndProject
Global
	GlobalSection(SolutionConfigurationPlatforms) = preSolution
		Debug|Any CPU = Debug|Any CPU
		Release|Any CPU = Release|Any CPU
	EndGlobalSection
	GlobalSection(ProjectConfigurationPlatforms) = postSolution
		{D6267B15-6E40-4F44-BE6D-82902C55A7A6}.Debug|Any CPU.ActiveCfg = Debug|Any CPU
		{D6267B15-6E40-4F44-BE6D-82902C55A7A6}.Debug|Any CPU.Build.0 = Debug|Any CPU
		{D6267B15-6E40-4F44-BE6D-82902C55A7A6}.Release|Any CPU.ActiveCfg = Release|Any CPU
		{D6267B15-6E40-4F44-BE6D-82902C55A7A6}.Release|Any CPU.Build.0 = Release|Any CPU
		{C4A01E32-E614-4B1E-BF4B-7DDECABCEA67}.Debug|Any CPU.ActiveCfg = Debug|Any CPU
		{C4A01E32-E614-4B1E-BF4B-7DDECABCEA67}.Debug|Any CPU.Build.0 = Debug|Any CPU
		{C4A01E32-E614-4B1E-BF4B-7DDECABCEA67}.Release|Any CPU.ActiveCfg = Release|Any CPU
		{C4A01E32-E614-4B1E-BF4B-7DDECABCEA67}.Release|Any CPU.Build.0 = Release|Any CPU
	EndGlobalSection
	GlobalSection(SolutionProperties) = preSolution
		HideSolutionNode = FALSE
	EndGlobalSection
	GlobalSection(ExtensibilityGlobals) = postSolution
		SolutionGuid = {571CE48C-E2EA-4350-BBB8-BCF1C38F342C}
	EndGlobalSection
EndGlobal
