
Microsoft Visual Studio Solution File, Format Version 12.00
# Visual Studio 15
VisualStudioVersion = 15.0.28010.2036
MinimumVisualStudioVersion = 10.0.40219.1
Project("{FAE04EC0-301F-11D3-BF4B-00C04F79EFBC}") = "RepeatWord", "RepeatWord\RepeatWord.csproj", "{AE79BF0A-89B4-442D-ACE2-9EC50753A134}"
EndProject
Project("{FAE04EC0-301F-11D3-BF4B-00C04F79EFBC}") = "RepeatWordTest", "RepeatWordTest\RepeatWordTest.csproj", "{3C30BC9E-FF81-4DB0-B078-150CE3B9AE91}"
EndProject
Global
	GlobalSection(SolutionConfigurationPlatforms) = preSolution
		Debug|Any CPU = Debug|Any CPU
		Release|Any CPU = Release|Any CPU
	EndGlobalSection
	GlobalSection(ProjectConfigurationPlatforms) = postSolution
		{AE79BF0A-89B4-442D-ACE2-9EC50753A134}.Debug|Any CPU.ActiveCfg = Debug|Any CPU
		{AE79BF0A-89B4-442D-ACE2-9EC50753A134}.Debug|Any CPU.Build.0 = Debug|Any CPU
		{AE79BF0A-89B4-442D-ACE2-9EC50753A134}.Release|Any CPU.ActiveCfg = Release|Any CPU
		{AE79BF0A-89B4-442D-ACE2-9EC50753A134}.Release|Any CPU.Build.0 = Release|Any CPU
		{3C30BC9E-FF81-4DB0-B078-150CE3B9AE91}.Debug|Any CPU.ActiveCfg = Debug|Any CPU
		{3C30BC9E-FF81-4DB0-B078-150CE3B9AE91}.Debug|Any CPU.Build.0 = Debug|Any CPU
		{3C30BC9E-FF81-4DB0-B078-150CE3B9AE91}.Release|Any CPU.ActiveCfg = Release|Any CPU
		{3C30BC9E-FF81-4DB0-B078-150CE3B9AE91}.Release|Any CPU.Build.0 = Release|Any CPU
	EndGlobalSection
	GlobalSection(SolutionProperties) = preSolution
		HideSolutionNode = FALSE
	EndGlobalSection
	GlobalSection(ExtensibilityGlobals) = postSolution
		SolutionGuid = {27413354-E61C-4CD8-82D0-12EC0E61AA03}
	EndGlobalSection
EndGlobal
